
Microsoft Visual Studio Solution File, Format Version 12.00
# Visual Studio Version 16
VisualStudioVersion = 16.0.29509.3
MinimumVisualStudioVersion = 10.0.40219.1
Project("{FAE04EC0-301F-11D3-BF4B-00C04F79EFBC}") = "Lab3.7", "Lab3.7\Lab3.7.csproj", "{34D2D4E7-5DEF-45F3-A673-AB562BF0AB5F}"
EndProject
Global
	GlobalSection(SolutionConfigurationPlatforms) = preSolution
		Debug|Any CPU = Debug|Any CPU
		Release|Any CPU = Release|Any CPU
	EndGlobalSection
	GlobalSection(ProjectConfigurationPlatforms) = postSolution
		{34D2D4E7-5DEF-45F3-A673-AB562BF0AB5F}.Debug|Any CPU.ActiveCfg = Debug|Any CPU
		{34D2D4E7-5DEF-45F3-A673-AB562BF0AB5F}.Debug|Any CPU.Build.0 = Debug|Any CPU
		{34D2D4E7-5DEF-45F3-A673-AB562BF0AB5F}.Release|Any CPU.ActiveCfg = Release|Any CPU
		{34D2D4E7-5DEF-45F3-A673-AB562BF0AB5F}.Release|Any CPU.Build.0 = Release|Any CPU
	EndGlobalSection
	GlobalSection(SolutionProperties) = preSolution
		HideSolutionNode = FALSE
	EndGlobalSection
	GlobalSection(ExtensibilityGlobals) = postSolution
		SolutionGuid = {22CA6F70-17ED-4998-B77A-D5107C38C5BB}
	EndGlobalSection
EndGlobal
