
Microsoft Visual Studio Solution File, Format Version 12.00
# Visual Studio Version 16
VisualStudioVersion = 16.0.29509.3
MinimumVisualStudioVersion = 10.0.40219.1
Project("{FAE04EC0-301F-11D3-BF4B-00C04F79EFBC}") = "Lab3.1", "Lab3.1\Lab3.1.csproj", "{06395E43-9820-41EC-B784-07999EDD47C3}"
EndProject
Global
	GlobalSection(SolutionConfigurationPlatforms) = preSolution
		Debug|Any CPU = Debug|Any CPU
		Release|Any CPU = Release|Any CPU
	EndGlobalSection
	GlobalSection(ProjectConfigurationPlatforms) = postSolution
		{06395E43-9820-41EC-B784-07999EDD47C3}.Debug|Any CPU.ActiveCfg = Debug|Any CPU
		{06395E43-9820-41EC-B784-07999EDD47C3}.Debug|Any CPU.Build.0 = Debug|Any CPU
		{06395E43-9820-41EC-B784-07999EDD47C3}.Release|Any CPU.ActiveCfg = Release|Any CPU
		{06395E43-9820-41EC-B784-07999EDD47C3}.Release|Any CPU.Build.0 = Release|Any CPU
	EndGlobalSection
	GlobalSection(SolutionProperties) = preSolution
		HideSolutionNode = FALSE
	EndGlobalSection
	GlobalSection(ExtensibilityGlobals) = postSolution
		SolutionGuid = {70B47054-81C8-4CB9-ACFD-14022A06AC20}
	EndGlobalSection
EndGlobal
